
Microsoft Visual Studio Solution File, Format Version 12.00
# Visual Studio Version 17
VisualStudioVersion = 17.7.34202.233
MinimumVisualStudioVersion = 10.0.40219.1
Project("{FAE04EC0-301F-11D3-BF4B-00C04F79EFBC}") = "MedicationReminder", "MedicationReminder\MedicationReminder.csproj", "{7889DB50-723F-4D0E-8CE8-EEFC6E6B5B31}"
EndProject
Global
	GlobalSection(SolutionConfigurationPlatforms) = preSolution
		Debug|Any CPU = Debug|Any CPU
		Release|Any CPU = Release|Any CPU
	EndGlobalSection
	GlobalSection(ProjectConfigurationPlatforms) = postSolution
		{7889DB50-723F-4D0E-8CE8-EEFC6E6B5B31}.Debug|Any CPU.ActiveCfg = Debug|Any CPU
		{7889DB50-723F-4D0E-8CE8-EEFC6E6B5B31}.Debug|Any CPU.Build.0 = Debug|Any CPU
		{7889DB50-723F-4D0E-8CE8-EEFC6E6B5B31}.Release|Any CPU.ActiveCfg = Release|Any CPU
		{7889DB50-723F-4D0E-8CE8-EEFC6E6B5B31}.Release|Any CPU.Build.0 = Release|Any CPU
	EndGlobalSection
	GlobalSection(SolutionProperties) = preSolution
		HideSolutionNode = FALSE
	EndGlobalSection
	GlobalSection(ExtensibilityGlobals) = postSolution
		SolutionGuid = {84748809-A37F-4B69-BB3C-1DCEF4A0DD4B}
	EndGlobalSection
EndGlobal
